
Microsoft Visual Studio Solution File, Format Version 12.00
Project("{FAE04EC0-301F-11D3-BF4B-00C04F79EFBC}") = "StringCtorSpanFill", "StringCtorSpanFill.csproj", "{CE5B4A3B-53FE-47B2-BA40-329732856143}"
EndProject
Global
	GlobalSection(SolutionConfigurationPlatforms) = preSolution
		Debug|Any CPU = Debug|Any CPU
		Release|Any CPU = Release|Any CPU
	EndGlobalSection
	GlobalSection(ProjectConfigurationPlatforms) = postSolution
		{CE5B4A3B-53FE-47B2-BA40-329732856143}.Debug|Any CPU.ActiveCfg = Debug|Any CPU
		{CE5B4A3B-53FE-47B2-BA40-329732856143}.Debug|Any CPU.Build.0 = Debug|Any CPU
		{CE5B4A3B-53FE-47B2-BA40-329732856143}.Release|Any CPU.ActiveCfg = Release|Any CPU
		{CE5B4A3B-53FE-47B2-BA40-329732856143}.Release|Any CPU.Build.0 = Release|Any CPU
	EndGlobalSection
EndGlobal
